
Microsoft Visual Studio Solution File, Format Version 12.00
# Visual Studio Version 16
VisualStudioVersion = 16.0.30320.27
MinimumVisualStudioVersion = 10.0.40219.1
Project("{9A19103F-16F7-4668-BE54-9A1E7A4F7556}") = "DataFit.Site", "DataFit\DataFit.Site.csproj", "{9690E946-6648-4258-BDAF-8B5D09A7A72F}"
EndProject
Project("{9A19103F-16F7-4668-BE54-9A1E7A4F7556}") = "DataFit.DataBase", "DataFit.DataBase\DataFit.DataBase.csproj", "{823E0CB2-929F-4102-AB46-E211C8B27BB0}"
EndProject
Project("{9A19103F-16F7-4668-BE54-9A1E7A4F7556}") = "DataFit.DataBase.Seed", "DataFit.DataBase.Seed\DataFit.DataBase.Seed.csproj", "{0ADFB468-7E67-4F68-A955-7EF00FFDB2C8}"
EndProject
Project("{9A19103F-16F7-4668-BE54-9A1E7A4F7556}") = "DataFit.Core", "DataFit.Core\DataFit.Core.csproj", "{5E843285-B407-475B-9615-3F7096AD240C}"
EndProject
Project("{9A19103F-16F7-4668-BE54-9A1E7A4F7556}") = "DataFitTests", "DataFitTests\DataFitTests.csproj", "{823C2A55-587D-47A8-A262-75268A835F37}"
EndProject
Project("{9A19103F-16F7-4668-BE54-9A1E7A4F7556}") = "DataFit.DomainService", "DataFit.DomainService\DataFit.DomainService.csproj", "{FFE29C55-7258-4DF7-B219-39DAE2957B24}"
EndProject
Project("{FAE04EC0-301F-11D3-BF4B-00C04F79EFBC}") = "SpecFlowDataFit", "SpecFlowDataFit\SpecFlowDataFit.csproj", "{EA8EE25A-B075-4E01-A4AD-1BC4FEFA375C}"
EndProject
Project("{FAE04EC0-301F-11D3-BF4B-00C04F79EFBC}") = "SpecFlowDataFit.Specs", "SpecFlowDataFit.Specs\SpecFlowDataFit.Specs.csproj", "{62A812FB-170F-45F5-BB91-3655F61CE5CE}"
EndProject
Global
	GlobalSection(SolutionConfigurationPlatforms) = preSolution
		Debug|Any CPU = Debug|Any CPU
		Release|Any CPU = Release|Any CPU
	EndGlobalSection
	GlobalSection(ProjectConfigurationPlatforms) = postSolution
		{9690E946-6648-4258-BDAF-8B5D09A7A72F}.Debug|Any CPU.ActiveCfg = Debug|Any CPU
		{9690E946-6648-4258-BDAF-8B5D09A7A72F}.Debug|Any CPU.Build.0 = Debug|Any CPU
		{9690E946-6648-4258-BDAF-8B5D09A7A72F}.Release|Any CPU.ActiveCfg = Release|Any CPU
		{9690E946-6648-4258-BDAF-8B5D09A7A72F}.Release|Any CPU.Build.0 = Release|Any CPU
		{823E0CB2-929F-4102-AB46-E211C8B27BB0}.Debug|Any CPU.ActiveCfg = Debug|Any CPU
		{823E0CB2-929F-4102-AB46-E211C8B27BB0}.Debug|Any CPU.Build.0 = Debug|Any CPU
		{823E0CB2-929F-4102-AB46-E211C8B27BB0}.Release|Any CPU.ActiveCfg = Release|Any CPU
		{823E0CB2-929F-4102-AB46-E211C8B27BB0}.Release|Any CPU.Build.0 = Release|Any CPU
		{0ADFB468-7E67-4F68-A955-7EF00FFDB2C8}.Debug|Any CPU.ActiveCfg = Debug|Any CPU
		{0ADFB468-7E67-4F68-A955-7EF00FFDB2C8}.Debug|Any CPU.Build.0 = Debug|Any CPU
		{0ADFB468-7E67-4F68-A955-7EF00FFDB2C8}.Release|Any CPU.ActiveCfg = Release|Any CPU
		{0ADFB468-7E67-4F68-A955-7EF00FFDB2C8}.Release|Any CPU.Build.0 = Release|Any CPU
		{5E843285-B407-475B-9615-3F7096AD240C}.Debug|Any CPU.ActiveCfg = Debug|Any CPU
		{5E843285-B407-475B-9615-3F7096AD240C}.Debug|Any CPU.Build.0 = Debug|Any CPU
		{5E843285-B407-475B-9615-3F7096AD240C}.Release|Any CPU.ActiveCfg = Release|Any CPU
		{5E843285-B407-475B-9615-3F7096AD240C}.Release|Any CPU.Build.0 = Release|Any CPU
		{823C2A55-587D-47A8-A262-75268A835F37}.Debug|Any CPU.ActiveCfg = Debug|Any CPU
		{823C2A55-587D-47A8-A262-75268A835F37}.Debug|Any CPU.Build.0 = Debug|Any CPU
		{823C2A55-587D-47A8-A262-75268A835F37}.Release|Any CPU.ActiveCfg = Release|Any CPU
		{823C2A55-587D-47A8-A262-75268A835F37}.Release|Any CPU.Build.0 = Release|Any CPU
		{FFE29C55-7258-4DF7-B219-39DAE2957B24}.Debug|Any CPU.ActiveCfg = Debug|Any CPU
		{FFE29C55-7258-4DF7-B219-39DAE2957B24}.Debug|Any CPU.Build.0 = Debug|Any CPU
		{FFE29C55-7258-4DF7-B219-39DAE2957B24}.Release|Any CPU.ActiveCfg = Release|Any CPU
		{FFE29C55-7258-4DF7-B219-39DAE2957B24}.Release|Any CPU.Build.0 = Release|Any CPU
		{EA8EE25A-B075-4E01-A4AD-1BC4FEFA375C}.Debug|Any CPU.ActiveCfg = Debug|Any CPU
		{EA8EE25A-B075-4E01-A4AD-1BC4FEFA375C}.Debug|Any CPU.Build.0 = Debug|Any CPU
		{EA8EE25A-B075-4E01-A4AD-1BC4FEFA375C}.Release|Any CPU.ActiveCfg = Release|Any CPU
		{EA8EE25A-B075-4E01-A4AD-1BC4FEFA375C}.Release|Any CPU.Build.0 = Release|Any CPU
		{62A812FB-170F-45F5-BB91-3655F61CE5CE}.Debug|Any CPU.ActiveCfg = Debug|Any CPU
		{62A812FB-170F-45F5-BB91-3655F61CE5CE}.Debug|Any CPU.Build.0 = Debug|Any CPU
		{62A812FB-170F-45F5-BB91-3655F61CE5CE}.Release|Any CPU.ActiveCfg = Release|Any CPU
		{62A812FB-170F-45F5-BB91-3655F61CE5CE}.Release|Any CPU.Build.0 = Release|Any CPU
	EndGlobalSection
	GlobalSection(SolutionProperties) = preSolution
		HideSolutionNode = FALSE
	EndGlobalSection
	GlobalSection(ExtensibilityGlobals) = postSolution
		SolutionGuid = {49F19B68-51A2-4E85-AD1D-7007B278E8A1}
	EndGlobalSection
EndGlobal
